
Microsoft Visual Studio Solution File, Format Version 12.00
# Visual Studio 14
VisualStudioVersion = 14.0.25420.1
MinimumVisualStudioVersion = 10.0.40219.1
Project("{FAE04EC0-301F-11D3-BF4B-00C04F79EFBC}") = "CommonUtility", "CommonUtility\CommonUtility.csproj", "{1BA74A7D-9B40-48E4-A408-030A8C5CE259}"
EndProject
Project("{FAE04EC0-301F-11D3-BF4B-00C04F79EFBC}") = "CommonUtilityTest", "CommonUtilityTest\CommonUtilityTest.csproj", "{004DB0DB-A04F-46DB-823C-A4A4247C1B47}"
EndProject
Project("{FAE04EC0-301F-11D3-BF4B-00C04F79EFBC}") = "TestConsole", "TestConsole\TestConsole.csproj", "{4ED12407-2B0F-45F2-9851-A223DE9ACE1F}"
EndProject
Project("{FAE04EC0-301F-11D3-BF4B-00C04F79EFBC}") = "JustDoIt", "JustDoIt\JustDoIt.csproj", "{D80A21EE-DE3D-481F-86D4-80F561F686EE}"
EndProject
Global
	GlobalSection(SolutionConfigurationPlatforms) = preSolution
		Debug|Any CPU = Debug|Any CPU
		Release|Any CPU = Release|Any CPU
	EndGlobalSection
	GlobalSection(ProjectConfigurationPlatforms) = postSolution
		{1BA74A7D-9B40-48E4-A408-030A8C5CE259}.Debug|Any CPU.ActiveCfg = Debug|Any CPU
		{1BA74A7D-9B40-48E4-A408-030A8C5CE259}.Debug|Any CPU.Build.0 = Debug|Any CPU
		{1BA74A7D-9B40-48E4-A408-030A8C5CE259}.Release|Any CPU.ActiveCfg = Release|Any CPU
		{1BA74A7D-9B40-48E4-A408-030A8C5CE259}.Release|Any CPU.Build.0 = Release|Any CPU
		{004DB0DB-A04F-46DB-823C-A4A4247C1B47}.Debug|Any CPU.ActiveCfg = Debug|Any CPU
		{004DB0DB-A04F-46DB-823C-A4A4247C1B47}.Debug|Any CPU.Build.0 = Debug|Any CPU
		{004DB0DB-A04F-46DB-823C-A4A4247C1B47}.Release|Any CPU.ActiveCfg = Release|Any CPU
		{004DB0DB-A04F-46DB-823C-A4A4247C1B47}.Release|Any CPU.Build.0 = Release|Any CPU
		{4ED12407-2B0F-45F2-9851-A223DE9ACE1F}.Debug|Any CPU.ActiveCfg = Debug|Any CPU
		{4ED12407-2B0F-45F2-9851-A223DE9ACE1F}.Debug|Any CPU.Build.0 = Debug|Any CPU
		{4ED12407-2B0F-45F2-9851-A223DE9ACE1F}.Release|Any CPU.ActiveCfg = Release|Any CPU
		{4ED12407-2B0F-45F2-9851-A223DE9ACE1F}.Release|Any CPU.Build.0 = Release|Any CPU
		{D80A21EE-DE3D-481F-86D4-80F561F686EE}.Debug|Any CPU.ActiveCfg = Debug|Any CPU
		{D80A21EE-DE3D-481F-86D4-80F561F686EE}.Debug|Any CPU.Build.0 = Debug|Any CPU
		{D80A21EE-DE3D-481F-86D4-80F561F686EE}.Release|Any CPU.ActiveCfg = Release|Any CPU
		{D80A21EE-DE3D-481F-86D4-80F561F686EE}.Release|Any CPU.Build.0 = Release|Any CPU
	EndGlobalSection
	GlobalSection(SolutionProperties) = preSolution
		HideSolutionNode = FALSE
	EndGlobalSection
EndGlobal
